
Microsoft Visual Studio Solution File, Format Version 11.00
# Visual Studio 2010
Project("{2150E333-8FDC-42A3-9474-1A3956D46DE8}") = "Tests", "Tests", "{ECDF3CBE-6461-4984-B6F1-6E2F0293D5BC}"
EndProject
Project("{2150E333-8FDC-42A3-9474-1A3956D46DE8}") = "Libs_src", "Libs_src", "{E3F0D014-A7F8-4386-BF04-E1361A89625F}"
EndProject
Project("{FAE04EC0-301F-11D3-BF4B-00C04F79EFBC}") = "XnaInWpf", "XnaInWpf\XnaInWpf.csproj", "{6DC5BCBA-E764-4E20-A898-5FFBB8631704}"
EndProject
Project("{FAE04EC0-301F-11D3-BF4B-00C04F79EFBC}") = "WinFormsGraphicsDevice", "WinFormsGraphicsDevice\WinFormsGraphicsDevice.csproj", "{1C2CA02E-B756-4D2B-B27E-F740DB06F712}"
EndProject
Project("{FAE04EC0-301F-11D3-BF4B-00C04F79EFBC}") = "Common", "Common\Common.csproj", "{8327B090-868B-4E9C-9AFA-EC5D3FA9804E}"
EndProject
Project("{F2A71F9B-5D33-465A-A702-920D77279786}") = "Math", "Math\Math.fsproj", "{50E1C750-781B-40B2-A627-5083F9710F40}"
EndProject
Project("{FAE04EC0-301F-11D3-BF4B-00C04F79EFBC}") = "Caliburn.Micro.WPF", "..\libs_src\Caliburn_Micro\src\Caliburn.Micro.WPF\Caliburn.Micro.WPF.csproj", "{B633FE8C-B40E-4122-A763-F94C8B1A70F8}"
EndProject
Project("{FAE04EC0-301F-11D3-BF4B-00C04F79EFBC}") = "Common.Wpf", "Common.Wpf\Common.Wpf.csproj", "{85098EFA-6AB7-40F4-A77C-201AD3C440A6}"
EndProject
Project("{FAE04EC0-301F-11D3-BF4B-00C04F79EFBC}") = "Content", "..\..\..\..\Road-Traffic-Simulator\src\Content\Content.contentproj", "{69682D1D-B957-4F6C-9E89-BB7AE5178706}"
EndProject
Project("{FAE04EC0-301F-11D3-BF4B-00C04F79EFBC}") = "RoadTrafficSimulator", "RoadTrafficSimulator\RoadTrafficSimulator.csproj", "{59FF8BF8-1029-48F3-9F84-5C9933B0D1EC}"
EndProject
Global
	GlobalSection(SolutionConfigurationPlatforms) = preSolution
		Debug|Any CPU = Debug|Any CPU
		Debug|Mixed Platforms = Debug|Mixed Platforms
		Debug|x86 = Debug|x86
		Debug|Xbox 360 = Debug|Xbox 360
		Debug|Zune = Debug|Zune
		Release|Any CPU = Release|Any CPU
		Release|Mixed Platforms = Release|Mixed Platforms
		Release|x86 = Release|x86
		Release|Xbox 360 = Release|Xbox 360
		Release|Zune = Release|Zune
	EndGlobalSection
	GlobalSection(ProjectConfigurationPlatforms) = postSolution
		{6DC5BCBA-E764-4E20-A898-5FFBB8631704}.Debug|Any CPU.ActiveCfg = Debug|Any CPU
		{6DC5BCBA-E764-4E20-A898-5FFBB8631704}.Debug|Any CPU.Build.0 = Debug|Any CPU
		{6DC5BCBA-E764-4E20-A898-5FFBB8631704}.Debug|Mixed Platforms.ActiveCfg = Debug|Any CPU
		{6DC5BCBA-E764-4E20-A898-5FFBB8631704}.Debug|Mixed Platforms.Build.0 = Debug|Any CPU
		{6DC5BCBA-E764-4E20-A898-5FFBB8631704}.Debug|x86.ActiveCfg = Debug|Any CPU
		{6DC5BCBA-E764-4E20-A898-5FFBB8631704}.Debug|Xbox 360.ActiveCfg = Debug|Any CPU
		{6DC5BCBA-E764-4E20-A898-5FFBB8631704}.Debug|Zune.ActiveCfg = Debug|Any CPU
		{6DC5BCBA-E764-4E20-A898-5FFBB8631704}.Release|Any CPU.ActiveCfg = Release|Any CPU
		{6DC5BCBA-E764-4E20-A898-5FFBB8631704}.Release|Any CPU.Build.0 = Release|Any CPU
		{6DC5BCBA-E764-4E20-A898-5FFBB8631704}.Release|Mixed Platforms.ActiveCfg = Release|Any CPU
		{6DC5BCBA-E764-4E20-A898-5FFBB8631704}.Release|Mixed Platforms.Build.0 = Release|Any CPU
		{6DC5BCBA-E764-4E20-A898-5FFBB8631704}.Release|x86.ActiveCfg = Release|Any CPU
		{6DC5BCBA-E764-4E20-A898-5FFBB8631704}.Release|Xbox 360.ActiveCfg = Release|Any CPU
		{6DC5BCBA-E764-4E20-A898-5FFBB8631704}.Release|Zune.ActiveCfg = Release|Any CPU
		{1C2CA02E-B756-4D2B-B27E-F740DB06F712}.Debug|Any CPU.ActiveCfg = Debug|x86
		{1C2CA02E-B756-4D2B-B27E-F740DB06F712}.Debug|Mixed Platforms.ActiveCfg = Debug|x86
		{1C2CA02E-B756-4D2B-B27E-F740DB06F712}.Debug|Mixed Platforms.Build.0 = Debug|x86
		{1C2CA02E-B756-4D2B-B27E-F740DB06F712}.Debug|x86.ActiveCfg = Debug|x86
		{1C2CA02E-B756-4D2B-B27E-F740DB06F712}.Debug|x86.Build.0 = Debug|x86
		{1C2CA02E-B756-4D2B-B27E-F740DB06F712}.Debug|Xbox 360.ActiveCfg = Debug|x86
		{1C2CA02E-B756-4D2B-B27E-F740DB06F712}.Debug|Zune.ActiveCfg = Debug|x86
		{1C2CA02E-B756-4D2B-B27E-F740DB06F712}.Release|Any CPU.ActiveCfg = Release|x86
		{1C2CA02E-B756-4D2B-B27E-F740DB06F712}.Release|Mixed Platforms.ActiveCfg = Release|x86
		{1C2CA02E-B756-4D2B-B27E-F740DB06F712}.Release|Mixed Platforms.Build.0 = Release|x86
		{1C2CA02E-B756-4D2B-B27E-F740DB06F712}.Release|x86.ActiveCfg = Release|x86
		{1C2CA02E-B756-4D2B-B27E-F740DB06F712}.Release|x86.Build.0 = Release|x86
		{1C2CA02E-B756-4D2B-B27E-F740DB06F712}.Release|Xbox 360.ActiveCfg = Release|x86
		{1C2CA02E-B756-4D2B-B27E-F740DB06F712}.Release|Zune.ActiveCfg = Release|x86
		{8327B090-868B-4E9C-9AFA-EC5D3FA9804E}.Debug|Any CPU.ActiveCfg = Debug|Any CPU
		{8327B090-868B-4E9C-9AFA-EC5D3FA9804E}.Debug|Any CPU.Build.0 = Debug|Any CPU
		{8327B090-868B-4E9C-9AFA-EC5D3FA9804E}.Debug|Mixed Platforms.ActiveCfg = Debug|Any CPU
		{8327B090-868B-4E9C-9AFA-EC5D3FA9804E}.Debug|Mixed Platforms.Build.0 = Debug|Any CPU
		{8327B090-868B-4E9C-9AFA-EC5D3FA9804E}.Debug|x86.ActiveCfg = Debug|Any CPU
		{8327B090-868B-4E9C-9AFA-EC5D3FA9804E}.Debug|Xbox 360.ActiveCfg = Debug|Any CPU
		{8327B090-868B-4E9C-9AFA-EC5D3FA9804E}.Debug|Zune.ActiveCfg = Debug|Any CPU
		{8327B090-868B-4E9C-9AFA-EC5D3FA9804E}.Release|Any CPU.ActiveCfg = Release|Any CPU
		{8327B090-868B-4E9C-9AFA-EC5D3FA9804E}.Release|Any CPU.Build.0 = Release|Any CPU
		{8327B090-868B-4E9C-9AFA-EC5D3FA9804E}.Release|Mixed Platforms.ActiveCfg = Release|Any CPU
		{8327B090-868B-4E9C-9AFA-EC5D3FA9804E}.Release|Mixed Platforms.Build.0 = Release|Any CPU
		{8327B090-868B-4E9C-9AFA-EC5D3FA9804E}.Release|x86.ActiveCfg = Release|Any CPU
		{8327B090-868B-4E9C-9AFA-EC5D3FA9804E}.Release|Xbox 360.ActiveCfg = Release|Any CPU
		{8327B090-868B-4E9C-9AFA-EC5D3FA9804E}.Release|Zune.ActiveCfg = Release|Any CPU
		{50E1C750-781B-40B2-A627-5083F9710F40}.Debug|Any CPU.ActiveCfg = Debug|Any CPU
		{50E1C750-781B-40B2-A627-5083F9710F40}.Debug|Any CPU.Build.0 = Debug|Any CPU
		{50E1C750-781B-40B2-A627-5083F9710F40}.Debug|Mixed Platforms.ActiveCfg = Debug|Any CPU
		{50E1C750-781B-40B2-A627-5083F9710F40}.Debug|Mixed Platforms.Build.0 = Debug|Any CPU
		{50E1C750-781B-40B2-A627-5083F9710F40}.Debug|x86.ActiveCfg = Debug|Any CPU
		{50E1C750-781B-40B2-A627-5083F9710F40}.Debug|Xbox 360.ActiveCfg = Debug|Any CPU
		{50E1C750-781B-40B2-A627-5083F9710F40}.Debug|Zune.ActiveCfg = Debug|Any CPU
		{50E1C750-781B-40B2-A627-5083F9710F40}.Release|Any CPU.ActiveCfg = Release|Any CPU
		{50E1C750-781B-40B2-A627-5083F9710F40}.Release|Any CPU.Build.0 = Release|Any CPU
		{50E1C750-781B-40B2-A627-5083F9710F40}.Release|Mixed Platforms.ActiveCfg = Release|Any CPU
		{50E1C750-781B-40B2-A627-5083F9710F40}.Release|Mixed Platforms.Build.0 = Release|Any CPU
		{50E1C750-781B-40B2-A627-5083F9710F40}.Release|x86.ActiveCfg = Release|Any CPU
		{50E1C750-781B-40B2-A627-5083F9710F40}.Release|Xbox 360.ActiveCfg = Release|Any CPU
		{50E1C750-781B-40B2-A627-5083F9710F40}.Release|Zune.ActiveCfg = Release|Any CPU
		{B633FE8C-B40E-4122-A763-F94C8B1A70F8}.Debug|Any CPU.ActiveCfg = Debug|Any CPU
		{B633FE8C-B40E-4122-A763-F94C8B1A70F8}.Debug|Any CPU.Build.0 = Debug|Any CPU
		{B633FE8C-B40E-4122-A763-F94C8B1A70F8}.Debug|Mixed Platforms.ActiveCfg = Debug|Any CPU
		{B633FE8C-B40E-4122-A763-F94C8B1A70F8}.Debug|Mixed Platforms.Build.0 = Debug|Any CPU
		{B633FE8C-B40E-4122-A763-F94C8B1A70F8}.Debug|x86.ActiveCfg = Debug|Any CPU
		{B633FE8C-B40E-4122-A763-F94C8B1A70F8}.Debug|Xbox 360.ActiveCfg = Debug|Any CPU
		{B633FE8C-B40E-4122-A763-F94C8B1A70F8}.Debug|Zune.ActiveCfg = Debug|Any CPU
		{B633FE8C-B40E-4122-A763-F94C8B1A70F8}.Release|Any CPU.ActiveCfg = Release|Any CPU
		{B633FE8C-B40E-4122-A763-F94C8B1A70F8}.Release|Any CPU.Build.0 = Release|Any CPU
		{B633FE8C-B40E-4122-A763-F94C8B1A70F8}.Release|Mixed Platforms.ActiveCfg = Release|Any CPU
		{B633FE8C-B40E-4122-A763-F94C8B1A70F8}.Release|Mixed Platforms.Build.0 = Release|Any CPU
		{B633FE8C-B40E-4122-A763-F94C8B1A70F8}.Release|x86.ActiveCfg = Release|Any CPU
		{B633FE8C-B40E-4122-A763-F94C8B1A70F8}.Release|Xbox 360.ActiveCfg = Release|Any CPU
		{B633FE8C-B40E-4122-A763-F94C8B1A70F8}.Release|Zune.ActiveCfg = Release|Any CPU
		{85098EFA-6AB7-40F4-A77C-201AD3C440A6}.Debug|Any CPU.ActiveCfg = Debug|Any CPU
		{85098EFA-6AB7-40F4-A77C-201AD3C440A6}.Debug|Any CPU.Build.0 = Debug|Any CPU
		{85098EFA-6AB7-40F4-A77C-201AD3C440A6}.Debug|Mixed Platforms.ActiveCfg = Debug|Any CPU
		{85098EFA-6AB7-40F4-A77C-201AD3C440A6}.Debug|Mixed Platforms.Build.0 = Debug|Any CPU
		{85098EFA-6AB7-40F4-A77C-201AD3C440A6}.Debug|x86.ActiveCfg = Debug|Any CPU
		{85098EFA-6AB7-40F4-A77C-201AD3C440A6}.Debug|Xbox 360.ActiveCfg = Debug|Any CPU
		{85098EFA-6AB7-40F4-A77C-201AD3C440A6}.Debug|Zune.ActiveCfg = Debug|Any CPU
		{85098EFA-6AB7-40F4-A77C-201AD3C440A6}.Release|Any CPU.ActiveCfg = Release|Any CPU
		{85098EFA-6AB7-40F4-A77C-201AD3C440A6}.Release|Any CPU.Build.0 = Release|Any CPU
		{85098EFA-6AB7-40F4-A77C-201AD3C440A6}.Release|Mixed Platforms.ActiveCfg = Release|Any CPU
		{85098EFA-6AB7-40F4-A77C-201AD3C440A6}.Release|Mixed Platforms.Build.0 = Release|Any CPU
		{85098EFA-6AB7-40F4-A77C-201AD3C440A6}.Release|x86.ActiveCfg = Release|Any CPU
		{85098EFA-6AB7-40F4-A77C-201AD3C440A6}.Release|Xbox 360.ActiveCfg = Release|Any CPU
		{85098EFA-6AB7-40F4-A77C-201AD3C440A6}.Release|Zune.ActiveCfg = Release|Any CPU
		{69682D1D-B957-4F6C-9E89-BB7AE5178706}.Debug|Any CPU.ActiveCfg = Debug|x86
		{69682D1D-B957-4F6C-9E89-BB7AE5178706}.Debug|Mixed Platforms.ActiveCfg = Debug|x86
		{69682D1D-B957-4F6C-9E89-BB7AE5178706}.Debug|x86.ActiveCfg = Debug|x86
		{69682D1D-B957-4F6C-9E89-BB7AE5178706}.Debug|Xbox 360.ActiveCfg = Debug|x86
		{69682D1D-B957-4F6C-9E89-BB7AE5178706}.Debug|Zune.ActiveCfg = Debug|x86
		{69682D1D-B957-4F6C-9E89-BB7AE5178706}.Release|Any CPU.ActiveCfg = Release|x86
		{69682D1D-B957-4F6C-9E89-BB7AE5178706}.Release|Mixed Platforms.ActiveCfg = Release|x86
		{69682D1D-B957-4F6C-9E89-BB7AE5178706}.Release|x86.ActiveCfg = Release|x86
		{69682D1D-B957-4F6C-9E89-BB7AE5178706}.Release|Xbox 360.ActiveCfg = Release|x86
		{69682D1D-B957-4F6C-9E89-BB7AE5178706}.Release|Zune.ActiveCfg = Release|x86
		{59FF8BF8-1029-48F3-9F84-5C9933B0D1EC}.Debug|Any CPU.ActiveCfg = Debug|x86
		{59FF8BF8-1029-48F3-9F84-5C9933B0D1EC}.Debug|Mixed Platforms.ActiveCfg = Debug|x86
		{59FF8BF8-1029-48F3-9F84-5C9933B0D1EC}.Debug|Mixed Platforms.Build.0 = Debug|x86
		{59FF8BF8-1029-48F3-9F84-5C9933B0D1EC}.Debug|x86.ActiveCfg = Debug|x86
		{59FF8BF8-1029-48F3-9F84-5C9933B0D1EC}.Debug|x86.Build.0 = Debug|x86
		{59FF8BF8-1029-48F3-9F84-5C9933B0D1EC}.Debug|Xbox 360.ActiveCfg = Debug|x86
		{59FF8BF8-1029-48F3-9F84-5C9933B0D1EC}.Debug|Zune.ActiveCfg = Debug|x86
		{59FF8BF8-1029-48F3-9F84-5C9933B0D1EC}.Release|Any CPU.ActiveCfg = Release|x86
		{59FF8BF8-1029-48F3-9F84-5C9933B0D1EC}.Release|Mixed Platforms.ActiveCfg = Release|x86
		{59FF8BF8-1029-48F3-9F84-5C9933B0D1EC}.Release|Mixed Platforms.Build.0 = Release|x86
		{59FF8BF8-1029-48F3-9F84-5C9933B0D1EC}.Release|x86.ActiveCfg = Release|x86
		{59FF8BF8-1029-48F3-9F84-5C9933B0D1EC}.Release|x86.Build.0 = Release|x86
		{59FF8BF8-1029-48F3-9F84-5C9933B0D1EC}.Release|Xbox 360.ActiveCfg = Release|x86
		{59FF8BF8-1029-48F3-9F84-5C9933B0D1EC}.Release|Zune.ActiveCfg = Release|x86
	EndGlobalSection
	GlobalSection(SolutionProperties) = preSolution
		HideSolutionNode = FALSE
	EndGlobalSection
	GlobalSection(NestedProjects) = preSolution
		{B633FE8C-B40E-4122-A763-F94C8B1A70F8} = {E3F0D014-A7F8-4386-BF04-E1361A89625F}
	EndGlobalSection
EndGlobal
